
Microsoft Visual Studio Solution File, Format Version 12.00
# Visual Studio 14
VisualStudioVersion = 14.0.25123.0
MinimumVisualStudioVersion = 10.0.40219.1
Project("{FAE04EC0-301F-11D3-BF4B-00C04F79EFBC}") = "CustomerGraphicsInterface.Droid", "CustomerGraphicsInterface\CustomerGraphicsInterface.Droid\CustomerGraphicsInterface.Droid.csproj", "{E2E44A03-5A3A-4B3D-9FA9-D05A70B43DC0}"
EndProject
Project("{FAE04EC0-301F-11D3-BF4B-00C04F79EFBC}") = "CustomerGraphicsInterface.iOS", "CustomerGraphicsInterface\CustomerGraphicsInterface.iOS\CustomerGraphicsInterface.iOS.csproj", "{B3A901F9-6CF2-4157-A411-82F0201812D8}"
EndProject
Project("{FAE04EC0-301F-11D3-BF4B-00C04F79EFBC}") = "CustomerGraphicsInterface.WinPhone", "CustomerGraphicsInterface\CustomerGraphicsInterface.WinPhone\CustomerGraphicsInterface.WinPhone.csproj", "{CAB362CE-C723-4EB6-9E09-C18FC8F0DDC5}"
EndProject
Project("{FAE04EC0-301F-11D3-BF4B-00C04F79EFBC}") = "CustomerGraphicsInterface.UWP", "CustomerGraphicsInterface\CustomerGraphicsInterface.UWP\CustomerGraphicsInterface.UWP.csproj", "{87A0191D-92C1-42FF-978C-65E72334AB33}"
EndProject
Project("{FAE04EC0-301F-11D3-BF4B-00C04F79EFBC}") = "CustomerGraphicsInterface.Windows", "CustomerGraphicsInterface\CustomerGraphicsInterface.Windows\CustomerGraphicsInterface.Windows.csproj", "{8D5A655A-D577-4178-B9CF-9BC0D604934C}"
EndProject
Project("{FAE04EC0-301F-11D3-BF4B-00C04F79EFBC}") = "CustomerGraphicsInterface", "CustomerGraphicsInterface\CustomerGraphicsInterface\CustomerGraphicsInterface.csproj", "{565C9252-7378-42EC-A9E7-78A3F5055B64}"
EndProject
Global
	GlobalSection(SolutionConfigurationPlatforms) = preSolution
		Ad-Hoc|Any CPU = Ad-Hoc|Any CPU
		Ad-Hoc|ARM = Ad-Hoc|ARM
		Ad-Hoc|iPhone = Ad-Hoc|iPhone
		Ad-Hoc|iPhoneSimulator = Ad-Hoc|iPhoneSimulator
		Ad-Hoc|x64 = Ad-Hoc|x64
		Ad-Hoc|x86 = Ad-Hoc|x86
		AppStore|Any CPU = AppStore|Any CPU
		AppStore|ARM = AppStore|ARM
		AppStore|iPhone = AppStore|iPhone
		AppStore|iPhoneSimulator = AppStore|iPhoneSimulator
		AppStore|x64 = AppStore|x64
		AppStore|x86 = AppStore|x86
		Debug|Any CPU = Debug|Any CPU
		Debug|ARM = Debug|ARM
		Debug|iPhone = Debug|iPhone
		Debug|iPhoneSimulator = Debug|iPhoneSimulator
		Debug|x64 = Debug|x64
		Debug|x86 = Debug|x86
		Release|Any CPU = Release|Any CPU
		Release|ARM = Release|ARM
		Release|iPhone = Release|iPhone
		Release|iPhoneSimulator = Release|iPhoneSimulator
		Release|x64 = Release|x64
		Release|x86 = Release|x86
	EndGlobalSection
	GlobalSection(ProjectConfigurationPlatforms) = postSolution
		{E2E44A03-5A3A-4B3D-9FA9-D05A70B43DC0}.Ad-Hoc|Any CPU.ActiveCfg = Release|Any CPU
		{E2E44A03-5A3A-4B3D-9FA9-D05A70B43DC0}.Ad-Hoc|Any CPU.Build.0 = Release|Any CPU
		{E2E44A03-5A3A-4B3D-9FA9-D05A70B43DC0}.Ad-Hoc|Any CPU.Deploy.0 = Release|Any CPU
		{E2E44A03-5A3A-4B3D-9FA9-D05A70B43DC0}.Ad-Hoc|ARM.ActiveCfg = Release|Any CPU
		{E2E44A03-5A3A-4B3D-9FA9-D05A70B43DC0}.Ad-Hoc|ARM.Build.0 = Release|Any CPU
		{E2E44A03-5A3A-4B3D-9FA9-D05A70B43DC0}.Ad-Hoc|ARM.Deploy.0 = Release|Any CPU
		{E2E44A03-5A3A-4B3D-9FA9-D05A70B43DC0}.Ad-Hoc|iPhone.ActiveCfg = Release|Any CPU
		{E2E44A03-5A3A-4B3D-9FA9-D05A70B43DC0}.Ad-Hoc|iPhone.Build.0 = Release|Any CPU
		{E2E44A03-5A3A-4B3D-9FA9-D05A70B43DC0}.Ad-Hoc|iPhone.Deploy.0 = Release|Any CPU
		{E2E44A03-5A3A-4B3D-9FA9-D05A70B43DC0}.Ad-Hoc|iPhoneSimulator.ActiveCfg = Release|Any CPU
		{E2E44A03-5A3A-4B3D-9FA9-D05A70B43DC0}.Ad-Hoc|iPhoneSimulator.Build.0 = Release|Any CPU
		{E2E44A03-5A3A-4B3D-9FA9-D05A70B43DC0}.Ad-Hoc|iPhoneSimulator.Deploy.0 = Release|Any CPU
		{E2E44A03-5A3A-4B3D-9FA9-D05A70B43DC0}.Ad-Hoc|x64.ActiveCfg = Release|Any CPU
		{E2E44A03-5A3A-4B3D-9FA9-D05A70B43DC0}.Ad-Hoc|x64.Build.0 = Release|Any CPU
		{E2E44A03-5A3A-4B3D-9FA9-D05A70B43DC0}.Ad-Hoc|x64.Deploy.0 = Release|Any CPU
		{E2E44A03-5A3A-4B3D-9FA9-D05A70B43DC0}.Ad-Hoc|x86.ActiveCfg = Release|Any CPU
		{E2E44A03-5A3A-4B3D-9FA9-D05A70B43DC0}.Ad-Hoc|x86.Build.0 = Release|Any CPU
		{E2E44A03-5A3A-4B3D-9FA9-D05A70B43DC0}.Ad-Hoc|x86.Deploy.0 = Release|Any CPU
		{E2E44A03-5A3A-4B3D-9FA9-D05A70B43DC0}.AppStore|Any CPU.ActiveCfg = Release|Any CPU
		{E2E44A03-5A3A-4B3D-9FA9-D05A70B43DC0}.AppStore|Any CPU.Build.0 = Release|Any CPU
		{E2E44A03-5A3A-4B3D-9FA9-D05A70B43DC0}.AppStore|Any CPU.Deploy.0 = Release|Any CPU
		{E2E44A03-5A3A-4B3D-9FA9-D05A70B43DC0}.AppStore|ARM.ActiveCfg = Release|Any CPU
		{E2E44A03-5A3A-4B3D-9FA9-D05A70B43DC0}.AppStore|ARM.Build.0 = Release|Any CPU
		{E2E44A03-5A3A-4B3D-9FA9-D05A70B43DC0}.AppStore|ARM.Deploy.0 = Release|Any CPU
		{E2E44A03-5A3A-4B3D-9FA9-D05A70B43DC0}.AppStore|iPhone.ActiveCfg = Release|Any CPU
		{E2E44A03-5A3A-4B3D-9FA9-D05A70B43DC0}.AppStore|iPhone.Build.0 = Release|Any CPU
		{E2E44A03-5A3A-4B3D-9FA9-D05A70B43DC0}.AppStore|iPhone.Deploy.0 = Release|Any CPU
		{E2E44A03-5A3A-4B3D-9FA9-D05A70B43DC0}.AppStore|iPhoneSimulator.ActiveCfg = Release|Any CPU
		{E2E44A03-5A3A-4B3D-9FA9-D05A70B43DC0}.AppStore|iPhoneSimulator.Build.0 = Release|Any CPU
		{E2E44A03-5A3A-4B3D-9FA9-D05A70B43DC0}.AppStore|iPhoneSimulator.Deploy.0 = Release|Any CPU
		{E2E44A03-5A3A-4B3D-9FA9-D05A70B43DC0}.AppStore|x64.ActiveCfg = Release|Any CPU
		{E2E44A03-5A3A-4B3D-9FA9-D05A70B43DC0}.AppStore|x64.Build.0 = Release|Any CPU
		{E2E44A03-5A3A-4B3D-9FA9-D05A70B43DC0}.AppStore|x64.Deploy.0 = Release|Any CPU
		{E2E44A03-5A3A-4B3D-9FA9-D05A70B43DC0}.AppStore|x86.ActiveCfg = Release|Any CPU
		{E2E44A03-5A3A-4B3D-9FA9-D05A70B43DC0}.AppStore|x86.Build.0 = Release|Any CPU
		{E2E44A03-5A3A-4B3D-9FA9-D05A70B43DC0}.AppStore|x86.Deploy.0 = Release|Any CPU
		{E2E44A03-5A3A-4B3D-9FA9-D05A70B43DC0}.Debug|Any CPU.ActiveCfg = Debug|Any CPU
		{E2E44A03-5A3A-4B3D-9FA9-D05A70B43DC0}.Debug|Any CPU.Build.0 = Debug|Any CPU
		{E2E44A03-5A3A-4B3D-9FA9-D05A70B43DC0}.Debug|Any CPU.Deploy.0 = Debug|Any CPU
		{E2E44A03-5A3A-4B3D-9FA9-D05A70B43DC0}.Debug|ARM.ActiveCfg = Debug|Any CPU
		{E2E44A03-5A3A-4B3D-9FA9-D05A70B43DC0}.Debug|ARM.Build.0 = Debug|Any CPU
		{E2E44A03-5A3A-4B3D-9FA9-D05A70B43DC0}.Debug|ARM.Deploy.0 = Debug|Any CPU
		{E2E44A03-5A3A-4B3D-9FA9-D05A70B43DC0}.Debug|iPhone.ActiveCfg = Debug|Any CPU
		{E2E44A03-5A3A-4B3D-9FA9-D05A70B43DC0}.Debug|iPhone.Build.0 = Debug|Any CPU
		{E2E44A03-5A3A-4B3D-9FA9-D05A70B43DC0}.Debug|iPhone.Deploy.0 = Debug|Any CPU
		{E2E44A03-5A3A-4B3D-9FA9-D05A70B43DC0}.Debug|iPhoneSimulator.ActiveCfg = Debug|Any CPU
		{E2E44A03-5A3A-4B3D-9FA9-D05A70B43DC0}.Debug|iPhoneSimulator.Build.0 = Debug|Any CPU
		{E2E44A03-5A3A-4B3D-9FA9-D05A70B43DC0}.Debug|iPhoneSimulator.Deploy.0 = Debug|Any CPU
		{E2E44A03-5A3A-4B3D-9FA9-D05A70B43DC0}.Debug|x64.ActiveCfg = Debug|Any CPU
		{E2E44A03-5A3A-4B3D-9FA9-D05A70B43DC0}.Debug|x64.Build.0 = Debug|Any CPU
		{E2E44A03-5A3A-4B3D-9FA9-D05A70B43DC0}.Debug|x64.Deploy.0 = Debug|Any CPU
		{E2E44A03-5A3A-4B3D-9FA9-D05A70B43DC0}.Debug|x86.ActiveCfg = Debug|Any CPU
		{E2E44A03-5A3A-4B3D-9FA9-D05A70B43DC0}.Debug|x86.Build.0 = Debug|Any CPU
		{E2E44A03-5A3A-4B3D-9FA9-D05A70B43DC0}.Debug|x86.Deploy.0 = Debug|Any CPU
		{E2E44A03-5A3A-4B3D-9FA9-D05A70B43DC0}.Release|Any CPU.ActiveCfg = Release|Any CPU
		{E2E44A03-5A3A-4B3D-9FA9-D05A70B43DC0}.Release|Any CPU.Build.0 = Release|Any CPU
		{E2E44A03-5A3A-4B3D-9FA9-D05A70B43DC0}.Release|Any CPU.Deploy.0 = Release|Any CPU
		{E2E44A03-5A3A-4B3D-9FA9-D05A70B43DC0}.Release|ARM.ActiveCfg = Release|Any CPU
		{E2E44A03-5A3A-4B3D-9FA9-D05A70B43DC0}.Release|ARM.Build.0 = Release|Any CPU
		{E2E44A03-5A3A-4B3D-9FA9-D05A70B43DC0}.Release|ARM.Deploy.0 = Release|Any CPU
		{E2E44A03-5A3A-4B3D-9FA9-D05A70B43DC0}.Release|iPhone.ActiveCfg = Release|Any CPU
		{E2E44A03-5A3A-4B3D-9FA9-D05A70B43DC0}.Release|iPhone.Build.0 = Release|Any CPU
		{E2E44A03-5A3A-4B3D-9FA9-D05A70B43DC0}.Release|iPhone.Deploy.0 = Release|Any CPU
		{E2E44A03-5A3A-4B3D-9FA9-D05A70B43DC0}.Release|iPhoneSimulator.ActiveCfg = Release|Any CPU
		{E2E44A03-5A3A-4B3D-9FA9-D05A70B43DC0}.Release|iPhoneSimulator.Build.0 = Release|Any CPU
		{E2E44A03-5A3A-4B3D-9FA9-D05A70B43DC0}.Release|iPhoneSimulator.Deploy.0 = Release|Any CPU
		{E2E44A03-5A3A-4B3D-9FA9-D05A70B43DC0}.Release|x64.ActiveCfg = Release|Any CPU
		{E2E44A03-5A3A-4B3D-9FA9-D05A70B43DC0}.Release|x64.Build.0 = Release|Any CPU
		{E2E44A03-5A3A-4B3D-9FA9-D05A70B43DC0}.Release|x64.Deploy.0 = Release|Any CPU
		{E2E44A03-5A3A-4B3D-9FA9-D05A70B43DC0}.Release|x86.ActiveCfg = Release|Any CPU
		{E2E44A03-5A3A-4B3D-9FA9-D05A70B43DC0}.Release|x86.Build.0 = Release|Any CPU
		{E2E44A03-5A3A-4B3D-9FA9-D05A70B43DC0}.Release|x86.Deploy.0 = Release|Any CPU
		{B3A901F9-6CF2-4157-A411-82F0201812D8}.Ad-Hoc|Any CPU.ActiveCfg = Ad-Hoc|iPhone
		{B3A901F9-6CF2-4157-A411-82F0201812D8}.Ad-Hoc|ARM.ActiveCfg = Ad-Hoc|iPhone
		{B3A901F9-6CF2-4157-A411-82F0201812D8}.Ad-Hoc|iPhone.ActiveCfg = Ad-Hoc|iPhone
		{B3A901F9-6CF2-4157-A411-82F0201812D8}.Ad-Hoc|iPhone.Build.0 = Ad-Hoc|iPhone
		{B3A901F9-6CF2-4157-A411-82F0201812D8}.Ad-Hoc|iPhoneSimulator.ActiveCfg = Ad-Hoc|iPhoneSimulator
		{B3A901F9-6CF2-4157-A411-82F0201812D8}.Ad-Hoc|iPhoneSimulator.Build.0 = Ad-Hoc|iPhoneSimulator
		{B3A901F9-6CF2-4157-A411-82F0201812D8}.Ad-Hoc|x64.ActiveCfg = Ad-Hoc|iPhone
		{B3A901F9-6CF2-4157-A411-82F0201812D8}.Ad-Hoc|x86.ActiveCfg = Ad-Hoc|iPhone
		{B3A901F9-6CF2-4157-A411-82F0201812D8}.AppStore|Any CPU.ActiveCfg = AppStore|iPhone
		{B3A901F9-6CF2-4157-A411-82F0201812D8}.AppStore|ARM.ActiveCfg = AppStore|iPhone
		{B3A901F9-6CF2-4157-A411-82F0201812D8}.AppStore|iPhone.ActiveCfg = AppStore|iPhone
		{B3A901F9-6CF2-4157-A411-82F0201812D8}.AppStore|iPhone.Build.0 = AppStore|iPhone
		{B3A901F9-6CF2-4157-A411-82F0201812D8}.AppStore|iPhoneSimulator.ActiveCfg = AppStore|iPhoneSimulator
		{B3A901F9-6CF2-4157-A411-82F0201812D8}.AppStore|iPhoneSimulator.Build.0 = AppStore|iPhoneSimulator
		{B3A901F9-6CF2-4157-A411-82F0201812D8}.AppStore|x64.ActiveCfg = AppStore|iPhone
		{B3A901F9-6CF2-4157-A411-82F0201812D8}.AppStore|x86.ActiveCfg = AppStore|iPhone
		{B3A901F9-6CF2-4157-A411-82F0201812D8}.Debug|Any CPU.ActiveCfg = Debug|iPhone
		{B3A901F9-6CF2-4157-A411-82F0201812D8}.Debug|ARM.ActiveCfg = Debug|iPhone
		{B3A901F9-6CF2-4157-A411-82F0201812D8}.Debug|iPhone.ActiveCfg = Debug|iPhone
		{B3A901F9-6CF2-4157-A411-82F0201812D8}.Debug|iPhone.Build.0 = Debug|iPhone
		{B3A901F9-6CF2-4157-A411-82F0201812D8}.Debug|iPhoneSimulator.ActiveCfg = Debug|iPhoneSimulator
		{B3A901F9-6CF2-4157-A411-82F0201812D8}.Debug|iPhoneSimulator.Build.0 = Debug|iPhoneSimulator
		{B3A901F9-6CF2-4157-A411-82F0201812D8}.Debug|x64.ActiveCfg = Debug|iPhone
		{B3A901F9-6CF2-4157-A411-82F0201812D8}.Debug|x86.ActiveCfg = Debug|iPhone
		{B3A901F9-6CF2-4157-A411-82F0201812D8}.Release|Any CPU.ActiveCfg = Release|iPhone
		{B3A901F9-6CF2-4157-A411-82F0201812D8}.Release|ARM.ActiveCfg = Release|iPhone
		{B3A901F9-6CF2-4157-A411-82F0201812D8}.Release|iPhone.ActiveCfg = Release|iPhone
		{B3A901F9-6CF2-4157-A411-82F0201812D8}.Release|iPhone.Build.0 = Release|iPhone
		{B3A901F9-6CF2-4157-A411-82F0201812D8}.Release|iPhoneSimulator.ActiveCfg = Release|iPhoneSimulator
		{B3A901F9-6CF2-4157-A411-82F0201812D8}.Release|iPhoneSimulator.Build.0 = Release|iPhoneSimulator
		{B3A901F9-6CF2-4157-A411-82F0201812D8}.Release|x64.ActiveCfg = Release|iPhone
		{B3A901F9-6CF2-4157-A411-82F0201812D8}.Release|x86.ActiveCfg = Release|iPhone
		{CAB362CE-C723-4EB6-9E09-C18FC8F0DDC5}.Ad-Hoc|Any CPU.ActiveCfg = Release|Any CPU
		{CAB362CE-C723-4EB6-9E09-C18FC8F0DDC5}.Ad-Hoc|Any CPU.Build.0 = Release|Any CPU
		{CAB362CE-C723-4EB6-9E09-C18FC8F0DDC5}.Ad-Hoc|Any CPU.Deploy.0 = Release|Any CPU
		{CAB362CE-C723-4EB6-9E09-C18FC8F0DDC5}.Ad-Hoc|ARM.ActiveCfg = Release|ARM
		{CAB362CE-C723-4EB6-9E09-C18FC8F0DDC5}.Ad-Hoc|ARM.Build.0 = Release|ARM
		{CAB362CE-C723-4EB6-9E09-C18FC8F0DDC5}.Ad-Hoc|ARM.Deploy.0 = Release|ARM
		{CAB362CE-C723-4EB6-9E09-C18FC8F0DDC5}.Ad-Hoc|iPhone.ActiveCfg = Release|Any CPU
		{CAB362CE-C723-4EB6-9E09-C18FC8F0DDC5}.Ad-Hoc|iPhone.Build.0 = Release|Any CPU
		{CAB362CE-C723-4EB6-9E09-C18FC8F0DDC5}.Ad-Hoc|iPhone.Deploy.0 = Release|Any CPU
		{CAB362CE-C723-4EB6-9E09-C18FC8F0DDC5}.Ad-Hoc|iPhoneSimulator.ActiveCfg = Release|Any CPU
		{CAB362CE-C723-4EB6-9E09-C18FC8F0DDC5}.Ad-Hoc|iPhoneSimulator.Build.0 = Release|Any CPU
		{CAB362CE-C723-4EB6-9E09-C18FC8F0DDC5}.Ad-Hoc|iPhoneSimulator.Deploy.0 = Release|Any CPU
		{CAB362CE-C723-4EB6-9E09-C18FC8F0DDC5}.Ad-Hoc|x64.ActiveCfg = Release|Any CPU
		{CAB362CE-C723-4EB6-9E09-C18FC8F0DDC5}.Ad-Hoc|x64.Build.0 = Release|Any CPU
		{CAB362CE-C723-4EB6-9E09-C18FC8F0DDC5}.Ad-Hoc|x64.Deploy.0 = Release|Any CPU
		{CAB362CE-C723-4EB6-9E09-C18FC8F0DDC5}.Ad-Hoc|x86.ActiveCfg = Release|x86
		{CAB362CE-C723-4EB6-9E09-C18FC8F0DDC5}.Ad-Hoc|x86.Build.0 = Release|x86
		{CAB362CE-C723-4EB6-9E09-C18FC8F0DDC5}.Ad-Hoc|x86.Deploy.0 = Release|x86
		{CAB362CE-C723-4EB6-9E09-C18FC8F0DDC5}.AppStore|Any CPU.ActiveCfg = Release|Any CPU
		{CAB362CE-C723-4EB6-9E09-C18FC8F0DDC5}.AppStore|Any CPU.Build.0 = Release|Any CPU
		{CAB362CE-C723-4EB6-9E09-C18FC8F0DDC5}.AppStore|Any CPU.Deploy.0 = Release|Any CPU
		{CAB362CE-C723-4EB6-9E09-C18FC8F0DDC5}.AppStore|ARM.ActiveCfg = Release|ARM
		{CAB362CE-C723-4EB6-9E09-C18FC8F0DDC5}.AppStore|ARM.Build.0 = Release|ARM
		{CAB362CE-C723-4EB6-9E09-C18FC8F0DDC5}.AppStore|ARM.Deploy.0 = Release|ARM
		{CAB362CE-C723-4EB6-9E09-C18FC8F0DDC5}.AppStore|iPhone.ActiveCfg = Release|Any CPU
		{CAB362CE-C723-4EB6-9E09-C18FC8F0DDC5}.AppStore|iPhone.Build.0 = Release|Any CPU
		{CAB362CE-C723-4EB6-9E09-C18FC8F0DDC5}.AppStore|iPhone.Deploy.0 = Release|Any CPU
		{CAB362CE-C723-4EB6-9E09-C18FC8F0DDC5}.AppStore|iPhoneSimulator.ActiveCfg = Release|Any CPU
		{CAB362CE-C723-4EB6-9E09-C18FC8F0DDC5}.AppStore|iPhoneSimulator.Build.0 = Release|Any CPU
		{CAB362CE-C723-4EB6-9E09-C18FC8F0DDC5}.AppStore|iPhoneSimulator.Deploy.0 = Release|Any CPU
		{CAB362CE-C723-4EB6-9E09-C18FC8F0DDC5}.AppStore|x64.ActiveCfg = Release|Any CPU
		{CAB362CE-C723-4EB6-9E09-C18FC8F0DDC5}.AppStore|x64.Build.0 = Release|Any CPU
		{CAB362CE-C723-4EB6-9E09-C18FC8F0DDC5}.AppStore|x64.Deploy.0 = Release|Any CPU
		{CAB362CE-C723-4EB6-9E09-C18FC8F0DDC5}.AppStore|x86.ActiveCfg = Release|x86
		{CAB362CE-C723-4EB6-9E09-C18FC8F0DDC5}.AppStore|x86.Build.0 = Release|x86
		{CAB362CE-C723-4EB6-9E09-C18FC8F0DDC5}.AppStore|x86.Deploy.0 = Release|x86
		{CAB362CE-C723-4EB6-9E09-C18FC8F0DDC5}.Debug|Any CPU.ActiveCfg = Debug|Any CPU
		{CAB362CE-C723-4EB6-9E09-C18FC8F0DDC5}.Debug|Any CPU.Build.0 = Debug|Any CPU
		{CAB362CE-C723-4EB6-9E09-C18FC8F0DDC5}.Debug|Any CPU.Deploy.0 = Debug|Any CPU
		{CAB362CE-C723-4EB6-9E09-C18FC8F0DDC5}.Debug|ARM.ActiveCfg = Debug|ARM
		{CAB362CE-C723-4EB6-9E09-C18FC8F0DDC5}.Debug|ARM.Build.0 = Debug|ARM
		{CAB362CE-C723-4EB6-9E09-C18FC8F0DDC5}.Debug|ARM.Deploy.0 = Debug|ARM
		{CAB362CE-C723-4EB6-9E09-C18FC8F0DDC5}.Debug|iPhone.ActiveCfg = Debug|Any CPU
		{CAB362CE-C723-4EB6-9E09-C18FC8F0DDC5}.Debug|iPhone.Build.0 = Debug|Any CPU
		{CAB362CE-C723-4EB6-9E09-C18FC8F0DDC5}.Debug|iPhone.Deploy.0 = Debug|Any CPU
		{CAB362CE-C723-4EB6-9E09-C18FC8F0DDC5}.Debug|iPhoneSimulator.ActiveCfg = Debug|Any CPU
		{CAB362CE-C723-4EB6-9E09-C18FC8F0DDC5}.Debug|iPhoneSimulator.Build.0 = Debug|Any CPU
		{CAB362CE-C723-4EB6-9E09-C18FC8F0DDC5}.Debug|iPhoneSimulator.Deploy.0 = Debug|Any CPU
		{CAB362CE-C723-4EB6-9E09-C18FC8F0DDC5}.Debug|x64.ActiveCfg = Debug|Any CPU
		{CAB362CE-C723-4EB6-9E09-C18FC8F0DDC5}.Debug|x64.Build.0 = Debug|Any CPU
		{CAB362CE-C723-4EB6-9E09-C18FC8F0DDC5}.Debug|x64.Deploy.0 = Debug|Any CPU
		{CAB362CE-C723-4EB6-9E09-C18FC8F0DDC5}.Debug|x86.ActiveCfg = Debug|x86
		{CAB362CE-C723-4EB6-9E09-C18FC8F0DDC5}.Debug|x86.Build.0 = Debug|x86
		{CAB362CE-C723-4EB6-9E09-C18FC8F0DDC5}.Debug|x86.Deploy.0 = Debug|x86
		{CAB362CE-C723-4EB6-9E09-C18FC8F0DDC5}.Release|Any CPU.ActiveCfg = Release|Any CPU
		{CAB362CE-C723-4EB6-9E09-C18FC8F0DDC5}.Release|Any CPU.Build.0 = Release|Any CPU
		{CAB362CE-C723-4EB6-9E09-C18FC8F0DDC5}.Release|Any CPU.Deploy.0 = Release|Any CPU
		{CAB362CE-C723-4EB6-9E09-C18FC8F0DDC5}.Release|ARM.ActiveCfg = Release|ARM
		{CAB362CE-C723-4EB6-9E09-C18FC8F0DDC5}.Release|ARM.Build.0 = Release|ARM
		{CAB362CE-C723-4EB6-9E09-C18FC8F0DDC5}.Release|ARM.Deploy.0 = Release|ARM
		{CAB362CE-C723-4EB6-9E09-C18FC8F0DDC5}.Release|iPhone.ActiveCfg = Release|Any CPU
		{CAB362CE-C723-4EB6-9E09-C18FC8F0DDC5}.Release|iPhone.Build.0 = Release|Any CPU
		{CAB362CE-C723-4EB6-9E09-C18FC8F0DDC5}.Release|iPhone.Deploy.0 = Release|Any CPU
		{CAB362CE-C723-4EB6-9E09-C18FC8F0DDC5}.Release|iPhoneSimulator.ActiveCfg = Release|Any CPU
		{CAB362CE-C723-4EB6-9E09-C18FC8F0DDC5}.Release|iPhoneSimulator.Build.0 = Release|Any CPU
		{CAB362CE-C723-4EB6-9E09-C18FC8F0DDC5}.Release|iPhoneSimulator.Deploy.0 = Release|Any CPU
		{CAB362CE-C723-4EB6-9E09-C18FC8F0DDC5}.Release|x64.ActiveCfg = Release|Any CPU
		{CAB362CE-C723-4EB6-9E09-C18FC8F0DDC5}.Release|x64.Build.0 = Release|Any CPU
		{CAB362CE-C723-4EB6-9E09-C18FC8F0DDC5}.Release|x64.Deploy.0 = Release|Any CPU
		{CAB362CE-C723-4EB6-9E09-C18FC8F0DDC5}.Release|x86.ActiveCfg = Release|x86
		{CAB362CE-C723-4EB6-9E09-C18FC8F0DDC5}.Release|x86.Build.0 = Release|x86
		{CAB362CE-C723-4EB6-9E09-C18FC8F0DDC5}.Release|x86.Deploy.0 = Release|x86
		{87A0191D-92C1-42FF-978C-65E72334AB33}.Ad-Hoc|Any CPU.ActiveCfg = Release|x86
		{87A0191D-92C1-42FF-978C-65E72334AB33}.Ad-Hoc|Any CPU.Build.0 = Release|x86
		{87A0191D-92C1-42FF-978C-65E72334AB33}.Ad-Hoc|Any CPU.Deploy.0 = Release|x86
		{87A0191D-92C1-42FF-978C-65E72334AB33}.Ad-Hoc|ARM.ActiveCfg = Release|ARM
		{87A0191D-92C1-42FF-978C-65E72334AB33}.Ad-Hoc|ARM.Build.0 = Release|ARM
		{87A0191D-92C1-42FF-978C-65E72334AB33}.Ad-Hoc|ARM.Deploy.0 = Release|ARM
		{87A0191D-92C1-42FF-978C-65E72334AB33}.Ad-Hoc|iPhone.ActiveCfg = Release|x86
		{87A0191D-92C1-42FF-978C-65E72334AB33}.Ad-Hoc|iPhone.Build.0 = Release|x86
		{87A0191D-92C1-42FF-978C-65E72334AB33}.Ad-Hoc|iPhone.Deploy.0 = Release|x86
		{87A0191D-92C1-42FF-978C-65E72334AB33}.Ad-Hoc|iPhoneSimulator.ActiveCfg = Release|x86
		{87A0191D-92C1-42FF-978C-65E72334AB33}.Ad-Hoc|iPhoneSimulator.Build.0 = Release|x86
		{87A0191D-92C1-42FF-978C-65E72334AB33}.Ad-Hoc|iPhoneSimulator.Deploy.0 = Release|x86
		{87A0191D-92C1-42FF-978C-65E72334AB33}.Ad-Hoc|x64.ActiveCfg = Release|x64
		{87A0191D-92C1-42FF-978C-65E72334AB33}.Ad-Hoc|x64.Build.0 = Release|x64
		{87A0191D-92C1-42FF-978C-65E72334AB33}.Ad-Hoc|x64.Deploy.0 = Release|x64
		{87A0191D-92C1-42FF-978C-65E72334AB33}.Ad-Hoc|x86.ActiveCfg = Release|x86
		{87A0191D-92C1-42FF-978C-65E72334AB33}.Ad-Hoc|x86.Build.0 = Release|x86
		{87A0191D-92C1-42FF-978C-65E72334AB33}.Ad-Hoc|x86.Deploy.0 = Release|x86
		{87A0191D-92C1-42FF-978C-65E72334AB33}.AppStore|Any CPU.ActiveCfg = Release|x86
		{87A0191D-92C1-42FF-978C-65E72334AB33}.AppStore|Any CPU.Build.0 = Release|x86
		{87A0191D-92C1-42FF-978C-65E72334AB33}.AppStore|Any CPU.Deploy.0 = Release|x86
		{87A0191D-92C1-42FF-978C-65E72334AB33}.AppStore|ARM.ActiveCfg = Release|ARM
		{87A0191D-92C1-42FF-978C-65E72334AB33}.AppStore|ARM.Build.0 = Release|ARM
		{87A0191D-92C1-42FF-978C-65E72334AB33}.AppStore|ARM.Deploy.0 = Release|ARM
		{87A0191D-92C1-42FF-978C-65E72334AB33}.AppStore|iPhone.ActiveCfg = Release|x86
		{87A0191D-92C1-42FF-978C-65E72334AB33}.AppStore|iPhone.Build.0 = Release|x86
		{87A0191D-92C1-42FF-978C-65E72334AB33}.AppStore|iPhone.Deploy.0 = Release|x86
		{87A0191D-92C1-42FF-978C-65E72334AB33}.AppStore|iPhoneSimulator.ActiveCfg = Release|x86
		{87A0191D-92C1-42FF-978C-65E72334AB33}.AppStore|iPhoneSimulator.Build.0 = Release|x86
		{87A0191D-92C1-42FF-978C-65E72334AB33}.AppStore|iPhoneSimulator.Deploy.0 = Release|x86
		{87A0191D-92C1-42FF-978C-65E72334AB33}.AppStore|x64.ActiveCfg = Release|x64
		{87A0191D-92C1-42FF-978C-65E72334AB33}.AppStore|x64.Build.0 = Release|x64
		{87A0191D-92C1-42FF-978C-65E72334AB33}.AppStore|x64.Deploy.0 = Release|x64
		{87A0191D-92C1-42FF-978C-65E72334AB33}.AppStore|x86.ActiveCfg = Release|x86
		{87A0191D-92C1-42FF-978C-65E72334AB33}.AppStore|x86.Build.0 = Release|x86
		{87A0191D-92C1-42FF-978C-65E72334AB33}.AppStore|x86.Deploy.0 = Release|x86
		{87A0191D-92C1-42FF-978C-65E72334AB33}.Debug|Any CPU.ActiveCfg = Debug|x86
		{87A0191D-92C1-42FF-978C-65E72334AB33}.Debug|ARM.ActiveCfg = Debug|ARM
		{87A0191D-92C1-42FF-978C-65E72334AB33}.Debug|ARM.Build.0 = Debug|ARM
		{87A0191D-92C1-42FF-978C-65E72334AB33}.Debug|ARM.Deploy.0 = Debug|ARM
		{87A0191D-92C1-42FF-978C-65E72334AB33}.Debug|iPhone.ActiveCfg = Debug|x86
		{87A0191D-92C1-42FF-978C-65E72334AB33}.Debug|iPhoneSimulator.ActiveCfg = Debug|x86
		{87A0191D-92C1-42FF-978C-65E72334AB33}.Debug|x64.ActiveCfg = Debug|x64
		{87A0191D-92C1-42FF-978C-65E72334AB33}.Debug|x64.Build.0 = Debug|x64
		{87A0191D-92C1-42FF-978C-65E72334AB33}.Debug|x64.Deploy.0 = Debug|x64
		{87A0191D-92C1-42FF-978C-65E72334AB33}.Debug|x86.ActiveCfg = Debug|x86
		{87A0191D-92C1-42FF-978C-65E72334AB33}.Debug|x86.Build.0 = Debug|x86
		{87A0191D-92C1-42FF-978C-65E72334AB33}.Debug|x86.Deploy.0 = Debug|x86
		{87A0191D-92C1-42FF-978C-65E72334AB33}.Release|Any CPU.ActiveCfg = Release|x86
		{87A0191D-92C1-42FF-978C-65E72334AB33}.Release|ARM.ActiveCfg = Release|ARM
		{87A0191D-92C1-42FF-978C-65E72334AB33}.Release|ARM.Build.0 = Release|ARM
		{87A0191D-92C1-42FF-978C-65E72334AB33}.Release|ARM.Deploy.0 = Release|ARM
		{87A0191D-92C1-42FF-978C-65E72334AB33}.Release|iPhone.ActiveCfg = Release|x86
		{87A0191D-92C1-42FF-978C-65E72334AB33}.Release|iPhoneSimulator.ActiveCfg = Release|x86
		{87A0191D-92C1-42FF-978C-65E72334AB33}.Release|x64.ActiveCfg = Release|x64
		{87A0191D-92C1-42FF-978C-65E72334AB33}.Release|x64.Build.0 = Release|x64
		{87A0191D-92C1-42FF-978C-65E72334AB33}.Release|x64.Deploy.0 = Release|x64
		{87A0191D-92C1-42FF-978C-65E72334AB33}.Release|x86.ActiveCfg = Release|x86
		{87A0191D-92C1-42FF-978C-65E72334AB33}.Release|x86.Build.0 = Release|x86
		{87A0191D-92C1-42FF-978C-65E72334AB33}.Release|x86.Deploy.0 = Release|x86
		{8D5A655A-D577-4178-B9CF-9BC0D604934C}.Ad-Hoc|Any CPU.ActiveCfg = Release|Any CPU
		{8D5A655A-D577-4178-B9CF-9BC0D604934C}.Ad-Hoc|Any CPU.Build.0 = Release|Any CPU
		{8D5A655A-D577-4178-B9CF-9BC0D604934C}.Ad-Hoc|Any CPU.Deploy.0 = Release|Any CPU
		{8D5A655A-D577-4178-B9CF-9BC0D604934C}.Ad-Hoc|ARM.ActiveCfg = Release|ARM
		{8D5A655A-D577-4178-B9CF-9BC0D604934C}.Ad-Hoc|ARM.Build.0 = Release|ARM
		{8D5A655A-D577-4178-B9CF-9BC0D604934C}.Ad-Hoc|ARM.Deploy.0 = Release|ARM
		{8D5A655A-D577-4178-B9CF-9BC0D604934C}.Ad-Hoc|iPhone.ActiveCfg = Release|Any CPU
		{8D5A655A-D577-4178-B9CF-9BC0D604934C}.Ad-Hoc|iPhone.Build.0 = Release|Any CPU
		{8D5A655A-D577-4178-B9CF-9BC0D604934C}.Ad-Hoc|iPhone.Deploy.0 = Release|Any CPU
		{8D5A655A-D577-4178-B9CF-9BC0D604934C}.Ad-Hoc|iPhoneSimulator.ActiveCfg = Release|Any CPU
		{8D5A655A-D577-4178-B9CF-9BC0D604934C}.Ad-Hoc|iPhoneSimulator.Build.0 = Release|Any CPU
		{8D5A655A-D577-4178-B9CF-9BC0D604934C}.Ad-Hoc|iPhoneSimulator.Deploy.0 = Release|Any CPU
		{8D5A655A-D577-4178-B9CF-9BC0D604934C}.Ad-Hoc|x64.ActiveCfg = Release|x64
		{8D5A655A-D577-4178-B9CF-9BC0D604934C}.Ad-Hoc|x64.Build.0 = Release|x64
		{8D5A655A-D577-4178-B9CF-9BC0D604934C}.Ad-Hoc|x64.Deploy.0 = Release|x64
		{8D5A655A-D577-4178-B9CF-9BC0D604934C}.Ad-Hoc|x86.ActiveCfg = Release|x86
		{8D5A655A-D577-4178-B9CF-9BC0D604934C}.Ad-Hoc|x86.Build.0 = Release|x86
		{8D5A655A-D577-4178-B9CF-9BC0D604934C}.Ad-Hoc|x86.Deploy.0 = Release|x86
		{8D5A655A-D577-4178-B9CF-9BC0D604934C}.AppStore|Any CPU.ActiveCfg = Release|Any CPU
		{8D5A655A-D577-4178-B9CF-9BC0D604934C}.AppStore|Any CPU.Build.0 = Release|Any CPU
		{8D5A655A-D577-4178-B9CF-9BC0D604934C}.AppStore|Any CPU.Deploy.0 = Release|Any CPU
		{8D5A655A-D577-4178-B9CF-9BC0D604934C}.AppStore|ARM.ActiveCfg = Release|ARM
		{8D5A655A-D577-4178-B9CF-9BC0D604934C}.AppStore|ARM.Build.0 = Release|ARM
		{8D5A655A-D577-4178-B9CF-9BC0D604934C}.AppStore|ARM.Deploy.0 = Release|ARM
		{8D5A655A-D577-4178-B9CF-9BC0D604934C}.AppStore|iPhone.ActiveCfg = Release|Any CPU
		{8D5A655A-D577-4178-B9CF-9BC0D604934C}.AppStore|iPhone.Build.0 = Release|Any CPU
		{8D5A655A-D577-4178-B9CF-9BC0D604934C}.AppStore|iPhone.Deploy.0 = Release|Any CPU
		{8D5A655A-D577-4178-B9CF-9BC0D604934C}.AppStore|iPhoneSimulator.ActiveCfg = Release|Any CPU
		{8D5A655A-D577-4178-B9CF-9BC0D604934C}.AppStore|iPhoneSimulator.Build.0 = Release|Any CPU
		{8D5A655A-D577-4178-B9CF-9BC0D604934C}.AppStore|iPhoneSimulator.Deploy.0 = Release|Any CPU
		{8D5A655A-D577-4178-B9CF-9BC0D604934C}.AppStore|x64.ActiveCfg = Release|x64
		{8D5A655A-D577-4178-B9CF-9BC0D604934C}.AppStore|x64.Build.0 = Release|x64
		{8D5A655A-D577-4178-B9CF-9BC0D604934C}.AppStore|x64.Deploy.0 = Release|x64
		{8D5A655A-D577-4178-B9CF-9BC0D604934C}.AppStore|x86.ActiveCfg = Release|x86
		{8D5A655A-D577-4178-B9CF-9BC0D604934C}.AppStore|x86.Build.0 = Release|x86
		{8D5A655A-D577-4178-B9CF-9BC0D604934C}.AppStore|x86.Deploy.0 = Release|x86
		{8D5A655A-D577-4178-B9CF-9BC0D604934C}.Debug|Any CPU.ActiveCfg = Debug|Any CPU
		{8D5A655A-D577-4178-B9CF-9BC0D604934C}.Debug|Any CPU.Build.0 = Debug|Any CPU
		{8D5A655A-D577-4178-B9CF-9BC0D604934C}.Debug|Any CPU.Deploy.0 = Debug|Any CPU
		{8D5A655A-D577-4178-B9CF-9BC0D604934C}.Debug|ARM.ActiveCfg = Debug|ARM
		{8D5A655A-D577-4178-B9CF-9BC0D604934C}.Debug|ARM.Build.0 = Debug|ARM
		{8D5A655A-D577-4178-B9CF-9BC0D604934C}.Debug|ARM.Deploy.0 = Debug|ARM
		{8D5A655A-D577-4178-B9CF-9BC0D604934C}.Debug|iPhone.ActiveCfg = Debug|Any CPU
		{8D5A655A-D577-4178-B9CF-9BC0D604934C}.Debug|iPhone.Build.0 = Debug|Any CPU
		{8D5A655A-D577-4178-B9CF-9BC0D604934C}.Debug|iPhone.Deploy.0 = Debug|Any CPU
		{8D5A655A-D577-4178-B9CF-9BC0D604934C}.Debug|iPhoneSimulator.ActiveCfg = Debug|Any CPU
		{8D5A655A-D577-4178-B9CF-9BC0D604934C}.Debug|iPhoneSimulator.Build.0 = Debug|Any CPU
		{8D5A655A-D577-4178-B9CF-9BC0D604934C}.Debug|iPhoneSimulator.Deploy.0 = Debug|Any CPU
		{8D5A655A-D577-4178-B9CF-9BC0D604934C}.Debug|x64.ActiveCfg = Debug|x64
		{8D5A655A-D577-4178-B9CF-9BC0D604934C}.Debug|x64.Build.0 = Debug|x64
		{8D5A655A-D577-4178-B9CF-9BC0D604934C}.Debug|x64.Deploy.0 = Debug|x64
		{8D5A655A-D577-4178-B9CF-9BC0D604934C}.Debug|x86.ActiveCfg = Debug|x86
		{8D5A655A-D577-4178-B9CF-9BC0D604934C}.Debug|x86.Build.0 = Debug|x86
		{8D5A655A-D577-4178-B9CF-9BC0D604934C}.Debug|x86.Deploy.0 = Debug|x86
		{8D5A655A-D577-4178-B9CF-9BC0D604934C}.Release|Any CPU.ActiveCfg = Release|Any CPU
		{8D5A655A-D577-4178-B9CF-9BC0D604934C}.Release|Any CPU.Build.0 = Release|Any CPU
		{8D5A655A-D577-4178-B9CF-9BC0D604934C}.Release|Any CPU.Deploy.0 = Release|Any CPU
		{8D5A655A-D577-4178-B9CF-9BC0D604934C}.Release|ARM.ActiveCfg = Release|ARM
		{8D5A655A-D577-4178-B9CF-9BC0D604934C}.Release|ARM.Build.0 = Release|ARM
		{8D5A655A-D577-4178-B9CF-9BC0D604934C}.Release|ARM.Deploy.0 = Release|ARM
		{8D5A655A-D577-4178-B9CF-9BC0D604934C}.Release|iPhone.ActiveCfg = Release|Any CPU
		{8D5A655A-D577-4178-B9CF-9BC0D604934C}.Release|iPhone.Build.0 = Release|Any CPU
		{8D5A655A-D577-4178-B9CF-9BC0D604934C}.Release|iPhone.Deploy.0 = Release|Any CPU
		{8D5A655A-D577-4178-B9CF-9BC0D604934C}.Release|iPhoneSimulator.ActiveCfg = Release|Any CPU
		{8D5A655A-D577-4178-B9CF-9BC0D604934C}.Release|iPhoneSimulator.Build.0 = Release|Any CPU
		{8D5A655A-D577-4178-B9CF-9BC0D604934C}.Release|iPhoneSimulator.Deploy.0 = Release|Any CPU
		{8D5A655A-D577-4178-B9CF-9BC0D604934C}.Release|x64.ActiveCfg = Release|x64
		{8D5A655A-D577-4178-B9CF-9BC0D604934C}.Release|x64.Build.0 = Release|x64
		{8D5A655A-D577-4178-B9CF-9BC0D604934C}.Release|x64.Deploy.0 = Release|x64
		{8D5A655A-D577-4178-B9CF-9BC0D604934C}.Release|x86.ActiveCfg = Release|x86
		{8D5A655A-D577-4178-B9CF-9BC0D604934C}.Release|x86.Build.0 = Release|x86
		{8D5A655A-D577-4178-B9CF-9BC0D604934C}.Release|x86.Deploy.0 = Release|x86
		{565C9252-7378-42EC-A9E7-78A3F5055B64}.Ad-Hoc|Any CPU.ActiveCfg = Release|Any CPU
		{565C9252-7378-42EC-A9E7-78A3F5055B64}.Ad-Hoc|Any CPU.Build.0 = Release|Any CPU
		{565C9252-7378-42EC-A9E7-78A3F5055B64}.Ad-Hoc|ARM.ActiveCfg = Release|Any CPU
		{565C9252-7378-42EC-A9E7-78A3F5055B64}.Ad-Hoc|ARM.Build.0 = Release|Any CPU
		{565C9252-7378-42EC-A9E7-78A3F5055B64}.Ad-Hoc|iPhone.ActiveCfg = Release|Any CPU
		{565C9252-7378-42EC-A9E7-78A3F5055B64}.Ad-Hoc|iPhone.Build.0 = Release|Any CPU
		{565C9252-7378-42EC-A9E7-78A3F5055B64}.Ad-Hoc|iPhoneSimulator.ActiveCfg = Release|Any CPU
		{565C9252-7378-42EC-A9E7-78A3F5055B64}.Ad-Hoc|iPhoneSimulator.Build.0 = Release|Any CPU
		{565C9252-7378-42EC-A9E7-78A3F5055B64}.Ad-Hoc|x64.ActiveCfg = Release|Any CPU
		{565C9252-7378-42EC-A9E7-78A3F5055B64}.Ad-Hoc|x64.Build.0 = Release|Any CPU
		{565C9252-7378-42EC-A9E7-78A3F5055B64}.Ad-Hoc|x86.ActiveCfg = Release|Any CPU
		{565C9252-7378-42EC-A9E7-78A3F5055B64}.Ad-Hoc|x86.Build.0 = Release|Any CPU
		{565C9252-7378-42EC-A9E7-78A3F5055B64}.AppStore|Any CPU.ActiveCfg = Release|Any CPU
		{565C9252-7378-42EC-A9E7-78A3F5055B64}.AppStore|Any CPU.Build.0 = Release|Any CPU
		{565C9252-7378-42EC-A9E7-78A3F5055B64}.AppStore|ARM.ActiveCfg = Release|Any CPU
		{565C9252-7378-42EC-A9E7-78A3F5055B64}.AppStore|ARM.Build.0 = Release|Any CPU
		{565C9252-7378-42EC-A9E7-78A3F5055B64}.AppStore|iPhone.ActiveCfg = Release|Any CPU
		{565C9252-7378-42EC-A9E7-78A3F5055B64}.AppStore|iPhone.Build.0 = Release|Any CPU
		{565C9252-7378-42EC-A9E7-78A3F5055B64}.AppStore|iPhoneSimulator.ActiveCfg = Release|Any CPU
		{565C9252-7378-42EC-A9E7-78A3F5055B64}.AppStore|iPhoneSimulator.Build.0 = Release|Any CPU
		{565C9252-7378-42EC-A9E7-78A3F5055B64}.AppStore|x64.ActiveCfg = Release|Any CPU
		{565C9252-7378-42EC-A9E7-78A3F5055B64}.AppStore|x64.Build.0 = Release|Any CPU
		{565C9252-7378-42EC-A9E7-78A3F5055B64}.AppStore|x86.ActiveCfg = Release|Any CPU
		{565C9252-7378-42EC-A9E7-78A3F5055B64}.AppStore|x86.Build.0 = Release|Any CPU
		{565C9252-7378-42EC-A9E7-78A3F5055B64}.Debug|Any CPU.ActiveCfg = Debug|Any CPU
		{565C9252-7378-42EC-A9E7-78A3F5055B64}.Debug|Any CPU.Build.0 = Debug|Any CPU
		{565C9252-7378-42EC-A9E7-78A3F5055B64}.Debug|ARM.ActiveCfg = Debug|Any CPU
		{565C9252-7378-42EC-A9E7-78A3F5055B64}.Debug|ARM.Build.0 = Debug|Any CPU
		{565C9252-7378-42EC-A9E7-78A3F5055B64}.Debug|iPhone.ActiveCfg = Debug|Any CPU
		{565C9252-7378-42EC-A9E7-78A3F5055B64}.Debug|iPhone.Build.0 = Debug|Any CPU
		{565C9252-7378-42EC-A9E7-78A3F5055B64}.Debug|iPhoneSimulator.ActiveCfg = Debug|Any CPU
		{565C9252-7378-42EC-A9E7-78A3F5055B64}.Debug|iPhoneSimulator.Build.0 = Debug|Any CPU
		{565C9252-7378-42EC-A9E7-78A3F5055B64}.Debug|x64.ActiveCfg = Debug|Any CPU
		{565C9252-7378-42EC-A9E7-78A3F5055B64}.Debug|x64.Build.0 = Debug|Any CPU
		{565C9252-7378-42EC-A9E7-78A3F5055B64}.Debug|x86.ActiveCfg = Debug|Any CPU
		{565C9252-7378-42EC-A9E7-78A3F5055B64}.Debug|x86.Build.0 = Debug|Any CPU
		{565C9252-7378-42EC-A9E7-78A3F5055B64}.Release|Any CPU.ActiveCfg = Release|Any CPU
		{565C9252-7378-42EC-A9E7-78A3F5055B64}.Release|Any CPU.Build.0 = Release|Any CPU
		{565C9252-7378-42EC-A9E7-78A3F5055B64}.Release|ARM.ActiveCfg = Release|Any CPU
		{565C9252-7378-42EC-A9E7-78A3F5055B64}.Release|ARM.Build.0 = Release|Any CPU
		{565C9252-7378-42EC-A9E7-78A3F5055B64}.Release|iPhone.ActiveCfg = Release|Any CPU
		{565C9252-7378-42EC-A9E7-78A3F5055B64}.Release|iPhone.Build.0 = Release|Any CPU
		{565C9252-7378-42EC-A9E7-78A3F5055B64}.Release|iPhoneSimulator.ActiveCfg = Release|Any CPU
		{565C9252-7378-42EC-A9E7-78A3F5055B64}.Release|iPhoneSimulator.Build.0 = Release|Any CPU
		{565C9252-7378-42EC-A9E7-78A3F5055B64}.Release|x64.ActiveCfg = Release|Any CPU
		{565C9252-7378-42EC-A9E7-78A3F5055B64}.Release|x64.Build.0 = Release|Any CPU
		{565C9252-7378-42EC-A9E7-78A3F5055B64}.Release|x86.ActiveCfg = Release|Any CPU
		{565C9252-7378-42EC-A9E7-78A3F5055B64}.Release|x86.Build.0 = Release|Any CPU
	EndGlobalSection
	GlobalSection(SolutionProperties) = preSolution
		HideSolutionNode = FALSE
	EndGlobalSection
EndGlobal
